// !$*UTF8*$!
{
	archiveVersion = 1;
	classes = {
	};
	objectVersion = 50;
	objects = {

/* Begin PBXBuildFile section */
		033A389A267256E700656249 /* AppDelegate.m in Sources */ = {isa = PBXBuildFile; fileRef = 033A3899267256E700656249 /* AppDelegate.m */; };
		033A389D267256E700656249 /* SceneDelegate.m in Sources */ = {isa = PBXBuildFile; fileRef = 033A389C267256E700656249 /* SceneDelegate.m */; };
		033A38A0267256E700656249 /* ViewController.m in Sources */ = {isa = PBXBuildFile; fileRef = 033A389F267256E700656249 /* ViewController.m */; };
		033A38A3267256E700656249 /* Main.storyboard in Resources */ = {isa = PBXBuildFile; fileRef = 033A38A1267256E700656249 /* Main.storyboard */; };
		033A38A5267256E800656249 /* Assets.xcassets in Resources */ = {isa = PBXBuildFile; fileRef = 033A38A4267256E800656249 /* Assets.xcassets */; };
		033A38A8267256E800656249 /* LaunchScreen.storyboard in Resources */ = {isa = PBXBuildFile; fileRef = 033A38A6267256E800656249 /* LaunchScreen.storyboard */; };
		033A38AB267256E800656249 /* main.m in Sources */ = {isa = PBXBuildFile; fileRef = 033A38AA267256E800656249 /* main.m */; };
		033A38B5267256E900656249 /* cameratestTests.m in Sources */ = {isa = PBXBuildFile; fileRef = 033A38B4267256E900656249 /* cameratestTests.m */; };
		033A38C0267256E900656249 /* cameratestUITests.m in Sources */ = {isa = PBXBuildFile; fileRef = 033A38BF267256E900656249 /* cameratestUITests.m */; };
/* End PBXBuildFile section */

/* Begin PBXContainerItemProxy section */
		033A38B1267256E900656249 /* PBXContainerItemProxy */ = {
			isa = PBXContainerItemProxy;
			containerPortal = 033A388D267256E700656249 /* Project object */;
			proxyType = 1;
			remoteGlobalIDString = 033A3894267256E700656249;
			remoteInfo = cameratest;
		};
		033A38BC267256E900656249 /* PBXContainerItemProxy */ = {
			isa = PBXContainerItemProxy;
			containerPortal = 033A388D267256E700656249 /* Project object */;
			proxyType = 1;
			remoteGlobalIDString = 033A3894267256E700656249;
			remoteInfo = cameratest;
		};
/* End PBXContainerItemProxy section */

/* Begin PBXFileReference section */
		033A3895267256E700656249 /* cameratest.app */ = {isa = PBXFileReference; explicitFileType = wrapper.application; includeInIndex = 0; path = cameratest.app; sourceTree = BUILT_PRODUCTS_DIR; };
		033A3898267256E700656249 /* AppDelegate.h */ = {isa = PBXFileReference; lastKnownFileType = sourcecode.c.h; path = AppDelegate.h; sourceTree = "<group>"; };
		033A3899267256E700656249 /* AppDelegate.m */ = {isa = PBXFileReference; lastKnownFileType = sourcecode.c.objc; path = AppDelegate.m; sourceTree = "<group>"; };
		033A389B267256E700656249 /* SceneDelegate.h */ = {isa = PBXFileReference; lastKnownFileType = sourcecode.c.h; path = SceneDelegate.h; sourceTree = "<group>"; };
		033A389C267256E700656249 /* SceneDelegate.m */ = {isa = PBXFileReference; lastKnownFileType = sourcecode.c.objc; path = SceneDelegate.m; sourceTree = "<group>"; };
		033A389E267256E700656249 /* ViewController.h */ = {isa = PBXFileReference; lastKnownFileType = sourcecode.c.h; path = ViewController.h; sourceTree = "<group>"; };
		033A389F267256E700656249 /* ViewController.m */ = {isa = PBXFileReference; lastKnownFileType = sourcecode.c.objc; path = ViewController.m; sourceTree = "<group>"; };
		033A38A2267256E700656249 /* Base */ = {isa = PBXFileReference; lastKnownFileType = file.storyboard; name = Base; path = Base.lproj/Main.storyboard; sourceTree = "<group>"; };
		033A38A4267256E800656249 /* Assets.xcassets */ = {isa = PBXFileReference; lastKnownFileType = folder.assetcatalog; path = Assets.xcassets; sourceTree = "<group>"; };
		033A38A7267256E800656249 /* Base */ = {isa = PBXFileReference; lastKnownFileType = file.storyboard; name = Base; path = Base.lproj/LaunchScreen.storyboard; sourceTree = "<group>"; };
		033A38A9267256E800656249 /* Info.plist */ = {isa = PBXFileReference; lastKnownFileType = text.plist.xml; path = Info.plist; sourceTree = "<group>"; };
		033A38AA267256E800656249 /* main.m */ = {isa = PBXFileReference; lastKnownFileType = sourcecode.c.objc; path = main.m; sourceTree = "<group>"; };
		033A38B0267256E900656249 /* cameratestTests.xctest */ = {isa = PBXFileReference; explicitFileType = wrapper.cfbundle; includeInIndex = 0; path = cameratestTests.xctest; sourceTree = BUILT_PRODUCTS_DIR; };
		033A38B4267256E900656249 /* cameratestTests.m */ = {isa = PBXFileReference; lastKnownFileType = sourcecode.c.objc; path = cameratestTests.m; sourceTree = "<group>"; };
		033A38B6267256E900656249 /* Info.plist */ = {isa = PBXFileReference; lastKnownFileType = text.plist.xml; path = Info.plist; sourceTree = "<group>"; };
		033A38BB267256E900656249 /* cameratestUITests.xctest */ = {isa = PBXFileReference; explicitFileType = wrapper.cfbundle; includeInIndex = 0; path = cameratestUITests.xctest; sourceTree = BUILT_PRODUCTS_DIR; };
		033A38BF267256E900656249 /* cameratestUITests.m */ = {isa = PBXFileReference; lastKnownFileType = sourcecode.c.objc; path = cameratestUITests.m; sourceTree = "<group>"; };
		033A38C1267256E900656249 /* Info.plist */ = {isa = PBXFileReference; lastKnownFileType = text.plist.xml; path = Info.plist; sourceTree = "<group>"; };
/* End PBXFileReference section */

/* Begin PBXFrameworksBuildPhase section */
		033A3892267256E700656249 /* Frameworks */ = {
			isa = PBXFrameworksBuildPhase;
			buildActionMask = 2147483647;
			files = (
			);
			runOnlyForDeploymentPostprocessing = 0;
		};
		033A38AD267256E900656249 /* Frameworks */ = {
			isa = PBXFrameworksBuildPhase;
			buildActionMask = 2147483647;
			files = (
			);
			runOnlyForDeploymentPostprocessing = 0;
		};
		033A38B8267256E900656249 /* Frameworks */ = {
			isa = PBXFrameworksBuildPhase;
			buildActionMask = 2147483647;
			files = (
			);
			runOnlyForDeploymentPostprocessing = 0;
		};
/* End PBXFrameworksBuildPhase section */

/* Begin PBXGroup section */
		033A388C267256E700656249 = {
			isa = PBXGroup;
			children = (
				033A3897267256E700656249 /* cameratest */,
				033A38B3267256E900656249 /* cameratestTests */,
				033A38BE267256E900656249 /* cameratestUITests */,
				033A3896267256E700656249 /* Products */,
			);
			sourceTree = "<group>";
		};
		033A3896267256E700656249 /* Products */ = {
			isa = PBXGroup;
			children = (
				033A3895267256E700656249 /* cameratest.app */,
				033A38B0267256E900656249 /* cameratestTests.xctest */,
				033A38BB267256E900656249 /* cameratestUITests.xctest */,
			);
			name = Products;
			sourceTree = "<group>";
		};
		033A3897267256E700656249 /* cameratest */ = {
			isa = PBXGroup;
			children = (
				033A3898267256E700656249 /* AppDelegate.h */,
				033A3899267256E700656249 /* AppDelegate.m */,
				033A389B267256E700656249 /* SceneDelegate.h */,
				033A389C267256E700656249 /* SceneDelegate.m */,
				033A389E267256E700656249 /* ViewController.h */,
				033A389F267256E700656249 /* ViewController.m */,
				033A38A1267256E700656249 /* Main.storyboard */,
				033A38A4267256E800656249 /* Assets.xcassets */,
				033A38A6267256E800656249 /* LaunchScreen.storyboard */,
				033A38A9267256E800656249 /* Info.plist */,
				033A38AA267256E800656249 /* main.m */,
			);
			path = cameratest;
			sourceTree = "<group>";
		};
		033A38B3267256E900656249 /* cameratestTests */ = {
			isa = PBXGroup;
			children = (
				033A38B4267256E900656249 /* cameratestTests.m */,
				033A38B6267256E900656249 /* Info.plist */,
			);
			path = cameratestTests;
			sourceTree = "<group>";
		};
		033A38BE267256E900656249 /* cameratestUITests */ = {
			isa = PBXGroup;
			children = (
				033A38BF267256E900656249 /* cameratestUITests.m */,
				033A38C1267256E900656249 /* Info.plist */,
			);
			path = cameratestUITests;
			sourceTree = "<group>";
		};
/* End PBXGroup section */

/* Begin PBXNativeTarget section */
		033A3894267256E700656249 /* cameratest */ = {
			isa = PBXNativeTarget;
			buildConfigurationList = 033A38C4267256E900656249 /* Build configuration list for PBXNativeTarget "cameratest" */;
			buildPhases = (
				033A3891267256E700656249 /* Sources */,
				033A3892267256E700656249 /* Frameworks */,
				033A3893267256E700656249 /* Resources */,
			);
			buildRules = (
			);
			dependencies = (
			);
			name = cameratest;
			productName = cameratest;
			productReference = 033A3895267256E700656249 /* cameratest.app */;
			productType = "com.apple.product-type.application";
		};
		033A38AF267256E900656249 /* cameratestTests */ = {
			isa = PBXNativeTarget;
			buildConfigurationList = 033A38C7267256E900656249 /* Build configuration list for PBXNativeTarget "cameratestTests" */;
			buildPhases = (
				033A38AC267256E900656249 /* Sources */,
				033A38AD267256E900656249 /* Frameworks */,
				033A38AE267256E900656249 /* Resources */,
			);
			buildRules = (
			);
			dependencies = (
				033A38B2267256E900656249 /* PBXTargetDependency */,
			);
			name = cameratestTests;
			productName = cameratestTests;
			productReference = 033A38B0267256E900656249 /* cameratestTests.xctest */;
			productType = "com.apple.product-type.bundle.unit-test";
		};
		033A38BA267256E900656249 /* cameratestUITests */ = {
			isa = PBXNativeTarget;
			buildConfigurationList = 033A38CA267256E900656249 /* Build configuration list for PBXNativeTarget "cameratestUITests" */;
			buildPhases = (
				033A38B7267256E900656249 /* Sources */,
				033A38B8267256E900656249 /* Frameworks */,
				033A38B9267256E900656249 /* Resources */,
			);
			buildRules = (
			);
			dependencies = (
				033A38BD267256E900656249 /* PBXTargetDependency */,
			);
			name = cameratestUITests;
			productName = cameratestUITests;
			productReference = 033A38BB267256E900656249 /* cameratestUITests.xctest */;
			productType = "com.apple.product-type.bundle.ui-testing";
		};
/* End PBXNativeTarget section */

/* Begin PBXProject section */
		033A388D267256E700656249 /* Project object */ = {
			isa = PBXProject;
			attributes = {
				LastUpgradeCheck = 1250;
				TargetAttributes = {
					033A3894267256E700656249 = {
						CreatedOnToolsVersion = 12.5;
					};
					033A38AF267256E900656249 = {
						CreatedOnToolsVersion = 12.5;
						TestTargetID = 033A3894267256E700656249;
					};
					033A38BA267256E900656249 = {
						CreatedOnToolsVersion = 12.5;
						TestTargetID = 033A3894267256E700656249;
					};
				};
			};
			buildConfigurationList = 033A3890267256E700656249 /* Build configuration list for PBXProject "cameratest" */;
			compatibilityVersion = "Xcode 9.3";
			developmentRegion = en;
			hasScannedForEncodings = 0;
			knownRegions = (
				en,
				Base,
			);
			mainGroup = 033A388C267256E700656249;
			productRefGroup = 033A3896267256E700656249 /* Products */;
			projectDirPath = "";
			projectRoot = "";
			targets = (
				033A3894267256E700656249 /* cameratest */,
				033A38AF267256E900656249 /* cameratestTests */,
				033A38BA267256E900656249 /* cameratestUITests */,
			);
		};
/* End PBXProject section */

/* Begin PBXResourcesBuildPhase section */
		033A3893267256E700656249 /* Resources */ = {
			isa = PBXResourcesBuildPhase;
			buildActionMask = 2147483647;
			files = (
				033A38A8267256E800656249 /* LaunchScreen.storyboard in Resources */,
				033A38A5267256E800656249 /* Assets.xcassets in Resources */,
				033A38A3267256E700656249 /* Main.storyboard in Resources */,
			);
			runOnlyForDeploymentPostprocessing = 0;
		};
		033A38AE267256E900656249 /* Resources */ = {
			isa = PBXResourcesBuildPhase;
			buildActionMask = 2147483647;
			files = (
			);
			runOnlyForDeploymentPostprocessing = 0;
		};
		033A38B9267256E900656249 /* Resources */ = {
			isa = PBXResourcesBuildPhase;
			buildActionMask = 2147483647;
			files = (
			);
			runOnlyForDeploymentPostprocessing = 0;
		};
/* End PBXResourcesBuildPhase section */

/* Begin PBXSourcesBuildPhase section */
		033A3891267256E700656249 /* Sources */ = {
			isa = PBXSourcesBuildPhase;
			buildActionMask = 2147483647;
			files = (
				033A38A0267256E700656249 /* ViewController.m in Sources */,
				033A389A267256E700656249 /* AppDelegate.m in Sources */,
				033A38AB267256E800656249 /* main.m in Sources */,
				033A389D267256E700656249 /* SceneDelegate.m in Sources */,
			);
			runOnlyForDeploymentPostprocessing = 0;
		};
		033A38AC267256E900656249 /* Sources */ = {
			isa = PBXSourcesBuildPhase;
			buildActionMask = 2147483647;
			files = (
				033A38B5267256E900656249 /* cameratestTests.m in Sources */,
			);
			runOnlyForDeploymentPostprocessing = 0;
		};
		033A38B7267256E900656249 /* Sources */ = {
			isa = PBXSourcesBuildPhase;
			buildActionMask = 2147483647;
			files = (
				033A38C0267256E900656249 /* cameratestUITests.m in Sources */,
			);
			runOnlyForDeploymentPostprocessing = 0;
		};
/* End PBXSourcesBuildPhase section */

/* Begin PBXTargetDependency section */
		033A38B2267256E900656249 /* PBXTargetDependency */ = {
			isa = PBXTargetDependency;
			target = 033A3894267256E700656249 /* cameratest */;
			targetProxy = 033A38B1267256E900656249 /* PBXContainerItemProxy */;
		};
		033A38BD267256E900656249 /* PBXTargetDependency */ = {
			isa = PBXTargetDependency;
			target = 033A3894267256E700656249 /* cameratest */;
			targetProxy = 033A38BC267256E900656249 /* PBXContainerItemProxy */;
		};
/* End PBXTargetDependency section */

/* Begin PBXVariantGroup section */
		033A38A1267256E700656249 /* Main.storyboard */ = {
			isa = PBXVariantGroup;
			children = (
				033A38A2267256E700656249 /* Base */,
			);
			name = Main.storyboard;
			sourceTree = "<group>";
		};
		033A38A6267256E800656249 /* LaunchScreen.storyboard */ = {
			isa = PBXVariantGroup;
			children = (
				033A38A7267256E800656249 /* Base */,
			);
			name = LaunchScreen.storyboard;
			sourceTree = "<group>";
		};
/* End PBXVariantGroup section */

/* Begin XCBuildConfiguration section */
		033A38C2267256E900656249 /* Debug */ = {
			isa = XCBuildConfiguration;
			buildSettings = {
				ALWAYS_SEARCH_USER_PATHS = NO;
				CLANG_ANALYZER_NONNULL = YES;
				CLANG_ANALYZER_NUMBER_OBJECT_CONVERSION = YES_AGGRESSIVE;
				CLANG_CXX_LANGUAGE_STANDARD = "gnu++14";
				CLANG_CXX_LIBRARY = "libc++";
				CLANG_ENABLE_MODULES = YES;
				CLANG_ENABLE_OBJC_ARC = YES;
				CLANG_ENABLE_OBJC_WEAK = YES;
				CLANG_WARN_BLOCK_CAPTURE_AUTORELEASING = YES;
				CLANG_WARN_BOOL_CONVERSION = YES;
				CLANG_WARN_COMMA = YES;
				CLANG_WARN_CONSTANT_CONVERSION = YES;
				CLANG_WARN_DEPRECATED_OBJC_IMPLEMENTATIONS = YES;
				CLANG_WARN_DIRECT_OBJC_ISA_USAGE = YES_ERROR;
				CLANG_WARN_DOCUMENTATION_COMMENTS = YES;
				CLANG_WARN_EMPTY_BODY = YES;
				CLANG_WARN_ENUM_CONVERSION = YES;
				CLANG_WARN_INFINITE_RECURSION = YES;
				CLANG_WARN_INT_CONVERSION = YES;
				CLANG_WARN_NON_LITERAL_NULL_CONVERSION = YES;
				CLANG_WARN_OBJC_IMPLICIT_RETAIN_SELF = YES;
				CLANG_WARN_OBJC_LITERAL_CONVERSION = YES;
				CLANG_WARN_OBJC_ROOT_CLASS = YES_ERROR;
				CLANG_WARN_QUOTED_INCLUDE_IN_FRAMEWORK_HEADER = YES;
				CLANG_WARN_RANGE_LOOP_ANALYSIS = YES;
				CLANG_WARN_STRICT_PROTOTYPES = YES;
				CLANG_WARN_SUSPICIOUS_MOVE = YES;
				CLANG_WARN_UNGUARDED_AVAILABILITY = YES_AGGRESSIVE;
				CLANG_WARN_UNREACHABLE_CODE = YES;
				CLANG_WARN__DUPLICATE_METHOD_MATCH = YES;
				COPY_PHASE_STRIP = NO;
				DEBUG_INFORMATION_FORMAT = dwarf;
				ENABLE_STRICT_OBJC_MSGSEND = YES;
				ENABLE_TESTABILITY = YES;
				GCC_C_LANGUAGE_STANDARD = gnu11;
				GCC_DYNAMIC_NO_PIC = NO;
				GCC_NO_COMMON_BLOCKS = YES;
				GCC_OPTIMIZATION_LEVEL = 0;
				GCC_PREPROCESSOR_DEFINITIONS = (
					"DEBUG=1",
					"$(inherited)",
				);
				GCC_WARN_64_TO_32_BIT_CONVERSION = YES;
				GCC_WARN_ABOUT_RETURN_TYPE = YES_ERROR;
				GCC_WARN_UNDECLARED_SELECTOR = YES;
				GCC_WARN_UNINITIALIZED_AUTOS = YES_AGGRESSIVE;
				GCC_WARN_UNUSED_FUNCTION = YES;
				GCC_WARN_UNUSED_VARIABLE = YES;
				IPHONEOS_DEPLOYMENT_TARGET = 13.0;
				MTL_ENABLE_DEBUG_INFO = INCLUDE_SOURCE;
				MTL_FAST_MATH = YES;
				ONLY_ACTIVE_ARCH = YES;
				SDKROOT = iphoneos;
			};
			name = Debug;
		};
		033A38C3267256E900656249 /* Release */ = {
			isa = XCBuildConfiguration;
			buildSettings = {
				ALWAYS_SEARCH_USER_PATHS = NO;
				CLANG_ANALYZER_NONNULL = YES;
				CLANG_ANALYZER_NUMBER_OBJECT_CONVERSION = YES_AGGRESSIVE;
				CLANG_CXX_LANGUAGE_STANDARD = "gnu++14";
				CLANG_CXX_LIBRARY = "libc++";
				CLANG_ENABLE_MODULES = YES;
				CLANG_ENABLE_OBJC_ARC = YES;
				CLANG_ENABLE_OBJC_WEAK = YES;
				CLANG_WARN_BLOCK_CAPTURE_AUTORELEASING = YES;
				CLANG_WARN_BOOL_CONVERSION = YES;
				CLANG_WARN_COMMA = YES;
				CLANG_WARN_CONSTANT_CONVERSION = YES;
				CLANG_WARN_DEPRECATED_OBJC_IMPLEMENTATIONS = YES;
				CLANG_WARN_DIRECT_OBJC_ISA_USAGE = YES_ERROR;
				CLANG_WARN_DOCUMENTATION_COMMENTS = YES;
				CLANG_WARN_EMPTY_BODY = YES;
				CLANG_WARN_ENUM_CONVERSION = YES;
				CLANG_WARN_INFINITE_RECURSION = YES;
				CLANG_WARN_INT_CONVERSION = YES;
				CLANG_WARN_NON_LITERAL_NULL_CONVERSION = YES;
				CLANG_WARN_OBJC_IMPLICIT_RETAIN_SELF = YES;
				CLANG_WARN_OBJC_LITERAL_CONVERSION = YES;
				CLANG_WARN_OBJC_ROOT_CLASS = YES_ERROR;
				CLANG_WARN_QUOTED_INCLUDE_IN_FRAMEWORK_HEADER = YES;
				CLANG_WARN_RANGE_LOOP_ANALYSIS = YES;
				CLANG_WARN_STRICT_PROTOTYPES = YES;
				CLANG_WARN_SUSPICIOUS_MOVE = YES;
				CLANG_WARN_UNGUARDED_AVAILABILITY = YES_AGGRESSIVE;
				CLANG_WARN_UNREACHABLE_CODE = YES;
				CLANG_WARN__DUPLICATE_METHOD_MATCH = YES;
				COPY_PHASE_STRIP = NO;
				DEBUG_INFORMATION_FORMAT = "dwarf-with-dsym";
				ENABLE_NS_ASSERTIONS = NO;
				ENABLE_STRICT_OBJC_MSGSEND = YES;
				GCC_C_LANGUAGE_STANDARD = gnu11;
				GCC_NO_COMMON_BLOCKS = YES;
				GCC_WARN_64_TO_32_BIT_CONVERSION = YES;
				GCC_WARN_ABOUT_RETURN_TYPE = YES_ERROR;
				GCC_WARN_UNDECLARED_SELECTOR = YES;
				GCC_WARN_UNINITIALIZED_AUTOS = YES_AGGRESSIVE;
				GCC_WARN_UNUSED_FUNCTION = YES;
				GCC_WARN_UNUSED_VARIABLE = YES;
				IPHONEOS_DEPLOYMENT_TARGET = 13.0;
				MTL_ENABLE_DEBUG_INFO = NO;
				MTL_FAST_MATH = YES;
				SDKROOT = iphoneos;
				VALIDATE_PRODUCT = YES;
			};
			name = Release;
		};
		033A38C5267256E900656249 /* Debug */ = {
			isa = XCBuildConfiguration;
			buildSettings = {
				ASSETCATALOG_COMPILER_APPICON_NAME = AppIcon;
				ASSETCATALOG_COMPILER_GLOBAL_ACCENT_COLOR_NAME = AccentColor;
				CODE_SIGN_STYLE = Automatic;
				DEVELOPMENT_TEAM = 7624MWN53C;
				INFOPLIST_FILE = cameratest/Info.plist;
				LD_RUNPATH_SEARCH_PATHS = (
					"$(inherited)",
					"@executable_path/Frameworks",
				);
				PRODUCT_BUNDLE_IDENTIFIER = io.baseflow.cameratest.cameratest;
				PRODUCT_NAME = "$(TARGET_NAME)";
				TARGETED_DEVICE_FAMILY = "1,2";
			};
			name = Debug;
		};
		033A38C6267256E900656249 /* Release */ = {
			isa = XCBuildConfiguration;
			buildSettings = {
				ASSETCATALOG_COMPILER_APPICON_NAME = AppIcon;
				ASSETCATALOG_COMPILER_GLOBAL_ACCENT_COLOR_NAME = AccentColor;
				CODE_SIGN_STYLE = Automatic;
				DEVELOPMENT_TEAM = 7624MWN53C;
				INFOPLIST_FILE = cameratest/Info.plist;
				LD_RUNPATH_SEARCH_PATHS = (
					"$(inherited)",
					"@executable_path/Frameworks",
				);
				PRODUCT_BUNDLE_IDENTIFIER = io.baseflow.cameratest.cameratest;
				PRODUCT_NAME = "$(TARGET_NAME)";
				TARGETED_DEVICE_FAMILY = "1,2";
			};
			name = Release;
		};
		033A38C8267256E900656249 /* Debug */ = {
			isa = XCBuildConfiguration;
			buildSettings = {
				BUNDLE_LOADER = "$(TEST_HOST)";
				CODE_SIGN_STYLE = Automatic;
				DEVELOPMENT_TEAM = 7624MWN53C;
				INFOPLIST_FILE = cameratestTests/Info.plist;
				IPHONEOS_DEPLOYMENT_TARGET = 14.5;
				LD_RUNPATH_SEARCH_PATHS = (
					"$(inherited)",
					"@executable_path/Frameworks",
					"@loader_path/Frameworks",
				);
				PRODUCT_BUNDLE_IDENTIFIER = io.baseflow.cameratest.cameratestTests;
				PRODUCT_NAME = "$(TARGET_NAME)";
				TARGETED_DEVICE_FAMILY = "1,2";
				TEST_HOST = "$(BUILT_PRODUCTS_DIR)/cameratest.app/cameratest";
			};
			name = Debug;
		};
		033A38C9267256E900656249 /* Release */ = {
			isa = XCBuildConfiguration;
			buildSettings = {
				BUNDLE_LOADER = "$(TEST_HOST)";
				CODE_SIGN_STYLE = Automatic;
				DEVELOPMENT_TEAM = 7624MWN53C;
				INFOPLIST_FILE = cameratestTests/Info.plist;
				IPHONEOS_DEPLOYMENT_TARGET = 14.5;
				LD_RUNPATH_SEARCH_PATHS = (
					"$(inherited)",
					"@executable_path/Frameworks",
					"@loader_path/Frameworks",
				);
				PRODUCT_BUNDLE_IDENTIFIER = io.baseflow.cameratest.cameratestTests;
				PRODUCT_NAME = "$(TARGET_NAME)";
				TARGETED_DEVICE_FAMILY = "1,2";
				TEST_HOST = "$(BUILT_PRODUCTS_DIR)/cameratest.app/cameratest";
			};
			name = Release;
		};
		033A38CB267256E900656249 /* Debug */ = {
			isa = XCBuildConfiguration;
			buildSettings = {
				CODE_SIGN_STYLE = Automatic;
				DEVELOPMENT_TEAM = 7624MWN53C;
				INFOPLIST_FILE = cameratestUITests/Info.plist;
				LD_RUNPATH_SEARCH_PATHS = (
					"$(inherited)",
					"@executable_path/Frameworks",
					"@loader_path/Frameworks",
				);
				PRODUCT_BUNDLE_IDENTIFIER = io.baseflow.cameratest.cameratestUITests;
				PRODUCT_NAME = "$(TARGET_NAME)";
				TARGETED_DEVICE_FAMILY = "1,2";
				TEST_TARGET_NAME = cameratest;
			};
			name = Debug;
		};
		033A38CC267256E900656249 /* Release */ = {
			isa = XCBuildConfiguration;
			buildSettings = {
				CODE_SIGN_STYLE = Automatic;
				DEVELOPMENT_TEAM = 7624MWN53C;
				INFOPLIST_FILE = cameratestUITests/Info.plist;
				LD_RUNPATH_SEARCH_PATHS = (
					"$(inherited)",
					"@executable_path/Frameworks",
					"@loader_path/Frameworks",
				);
				PRODUCT_BUNDLE_IDENTIFIER = io.baseflow.cameratest.cameratestUITests;
				PRODUCT_NAME = "$(TARGET_NAME)";
				TARGETED_DEVICE_FAMILY = "1,2";
				TEST_TARGET_NAME = cameratest;
			};
			name = Release;
		};
/* End XCBuildConfiguration section */

/* Begin XCConfigurationList section */
		033A3890267256E700656249 /* Build configuration list for PBXProject "cameratest" */ = {
			isa = XCConfigurationList;
			buildConfigurations = (
				033A38C2267256E900656249 /* Debug */,
				033A38C3267256E900656249 /* Release */,
			);
			defaultConfigurationIsVisible = 0;
			defaultConfigurationName = Release;
		};
		033A38C4267256E900656249 /* Build configuration list for PBXNativeTarget "cameratest" */ = {
			isa = XCConfigurationList;
			buildConfigurations = (
				033A38C5267256E900656249 /* Debug */,
				033A38C6267256E900656249 /* Release */,
			);
			defaultConfigurationIsVisible = 0;
			defaultConfigurationName = Release;
		};
		033A38C7267256E900656249 /* Build configuration list for PBXNativeTarget "cameratestTests" */ = {
			isa = XCConfigurationList;
			buildConfigurations = (
				033A38C8267256E900656249 /* Debug */,
				033A38C9267256E900656249 /* Release */,
			);
			defaultConfigurationIsVisible = 0;
			defaultConfigurationName = Release;
		};
		033A38CA267256E900656249 /* Build configuration list for PBXNativeTarget "cameratestUITests" */ = {
			isa = XCConfigurationList;
			buildConfigurations = (
				033A38CB267256E900656249 /* Debug */,
				033A38CC267256E900656249 /* Release */,
			);
			defaultConfigurationIsVisible = 0;
			defaultConfigurationName = Release;
		};
/* End XCConfigurationList section */
	};
	rootObject = 033A388D267256E700656249 /* Project object */;
}
